
Microsoft Visual Studio Solution File, Format Version 12.00
# Visual Studio Version 16
VisualStudioVersion = 16.0.30611.23
MinimumVisualStudioVersion = 10.0.40219.1
Project("{8BC9CEB8-8B4A-11D0-8D11-00A0C91BC942}") = "Server", "Server.vcxproj", "{81E26210-6040-451A-B548-5858CC7A387C}"
EndProject
Global
	GlobalSection(SolutionConfigurationPlatforms) = preSolution
		Debug|x64 = Debug|x64
		Debug|x86 = Debug|x86
		Release|x64 = Release|x64
		Release|x86 = Release|x86
	EndGlobalSection
	GlobalSection(ProjectConfigurationPlatforms) = postSolution
		{81E26210-6040-451A-B548-5858CC7A387C}.Debug|x64.ActiveCfg = Debug|x64
		{81E26210-6040-451A-B548-5858CC7A387C}.Debug|x64.Build.0 = Debug|x64
		{81E26210-6040-451A-B548-5858CC7A387C}.Debug|x86.ActiveCfg = Debug|Win32
		{81E26210-6040-451A-B548-5858CC7A387C}.Debug|x86.Build.0 = Debug|Win32
		{81E26210-6040-451A-B548-5858CC7A387C}.Release|x64.ActiveCfg = Release|x64
		{81E26210-6040-451A-B548-5858CC7A387C}.Release|x64.Build.0 = Release|x64
		{81E26210-6040-451A-B548-5858CC7A387C}.Release|x86.ActiveCfg = Release|Win32
		{81E26210-6040-451A-B548-5858CC7A387C}.Release|x86.Build.0 = Release|Win32
	EndGlobalSection
	GlobalSection(SolutionProperties) = preSolution
		HideSolutionNode = FALSE
	EndGlobalSection
	GlobalSection(ExtensibilityGlobals) = postSolution
		SolutionGuid = {2467E206-3D52-4CCB-9D4B-B94BA34F58C1}
	EndGlobalSection
EndGlobal
